
Microsoft Visual Studio Solution File, Format Version 12.00
# Visual Studio Version 17
VisualStudioVersion = 17.0.32126.317
MinimumVisualStudioVersion = 10.0.40219.1
Project("{FAE04EC0-301F-11D3-BF4B-00C04F79EFBC}") = "CabInvoiceGenerator", "CabInvoiceGenerator.csproj", "{F5BC6667-E1F1-49AB-8A7F-996E5D584D1D}"
EndProject
Project("{FAE04EC0-301F-11D3-BF4B-00C04F79EFBC}") = "CabInvoiceGeneratorTest", "..\CabInvoiceGeneratorTest\CabInvoiceGeneratorTest.csproj", "{31F5A0DA-0860-434B-AFED-6842B5521865}"
EndProject
Global
	GlobalSection(SolutionConfigurationPlatforms) = preSolution
		Debug|Any CPU = Debug|Any CPU
		Release|Any CPU = Release|Any CPU
	EndGlobalSection
	GlobalSection(ProjectConfigurationPlatforms) = postSolution
		{F5BC6667-E1F1-49AB-8A7F-996E5D584D1D}.Debug|Any CPU.ActiveCfg = Debug|Any CPU
		{F5BC6667-E1F1-49AB-8A7F-996E5D584D1D}.Debug|Any CPU.Build.0 = Debug|Any CPU
		{F5BC6667-E1F1-49AB-8A7F-996E5D584D1D}.Release|Any CPU.ActiveCfg = Release|Any CPU
		{F5BC6667-E1F1-49AB-8A7F-996E5D584D1D}.Release|Any CPU.Build.0 = Release|Any CPU
		{31F5A0DA-0860-434B-AFED-6842B5521865}.Debug|Any CPU.ActiveCfg = Debug|Any CPU
		{31F5A0DA-0860-434B-AFED-6842B5521865}.Debug|Any CPU.Build.0 = Debug|Any CPU
		{31F5A0DA-0860-434B-AFED-6842B5521865}.Release|Any CPU.ActiveCfg = Release|Any CPU
		{31F5A0DA-0860-434B-AFED-6842B5521865}.Release|Any CPU.Build.0 = Release|Any CPU
	EndGlobalSection
	GlobalSection(SolutionProperties) = preSolution
		HideSolutionNode = FALSE
	EndGlobalSection
	GlobalSection(ExtensibilityGlobals) = postSolution
		SolutionGuid = {AA15203C-2931-41CC-A3AD-7A53230911C9}
	EndGlobalSection
EndGlobal
